
Microsoft Visual Studio Solution File, Format Version 12.00
# Visual Studio 15
VisualStudioVersion = 15.0.28307.168
MinimumVisualStudioVersion = 10.0.40219.1
Project("{FAE04EC0-301F-11D3-BF4B-00C04F79EFBC}") = "WeekDays", "WeekDays\WeekDays.csproj", "{CEB43726-69C4-4626-97D6-4C3B3F036EE6}"
EndProject
Global
	GlobalSection(SolutionConfigurationPlatforms) = preSolution
		Debug|Any CPU = Debug|Any CPU
		Release|Any CPU = Release|Any CPU
	EndGlobalSection
	GlobalSection(ProjectConfigurationPlatforms) = postSolution
		{CEB43726-69C4-4626-97D6-4C3B3F036EE6}.Debug|Any CPU.ActiveCfg = Debug|Any CPU
		{CEB43726-69C4-4626-97D6-4C3B3F036EE6}.Debug|Any CPU.Build.0 = Debug|Any CPU
		{CEB43726-69C4-4626-97D6-4C3B3F036EE6}.Release|Any CPU.ActiveCfg = Release|Any CPU
		{CEB43726-69C4-4626-97D6-4C3B3F036EE6}.Release|Any CPU.Build.0 = Release|Any CPU
	EndGlobalSection
	GlobalSection(SolutionProperties) = preSolution
		HideSolutionNode = FALSE
	EndGlobalSection
	GlobalSection(ExtensibilityGlobals) = postSolution
		SolutionGuid = {296A788C-E5DB-4E4C-8CE1-1C7BE8757D63}
	EndGlobalSection
EndGlobal
