
Microsoft Visual Studio Solution File, Format Version 12.00
# Visual Studio 15
VisualStudioVersion = 15.0.28307.168
MinimumVisualStudioVersion = 10.0.40219.1
Project("{FAE04EC0-301F-11D3-BF4B-00C04F79EFBC}") = "MinAndMax", "MinAndMax\MinAndMax.csproj", "{7785598A-F2CA-45A9-9A30-51A74A6F6CAD}"
EndProject
Global
	GlobalSection(SolutionConfigurationPlatforms) = preSolution
		Debug|Any CPU = Debug|Any CPU
		Release|Any CPU = Release|Any CPU
	EndGlobalSection
	GlobalSection(ProjectConfigurationPlatforms) = postSolution
		{7785598A-F2CA-45A9-9A30-51A74A6F6CAD}.Debug|Any CPU.ActiveCfg = Debug|Any CPU
		{7785598A-F2CA-45A9-9A30-51A74A6F6CAD}.Debug|Any CPU.Build.0 = Debug|Any CPU
		{7785598A-F2CA-45A9-9A30-51A74A6F6CAD}.Release|Any CPU.ActiveCfg = Release|Any CPU
		{7785598A-F2CA-45A9-9A30-51A74A6F6CAD}.Release|Any CPU.Build.0 = Release|Any CPU
	EndGlobalSection
	GlobalSection(SolutionProperties) = preSolution
		HideSolutionNode = FALSE
	EndGlobalSection
	GlobalSection(ExtensibilityGlobals) = postSolution
		SolutionGuid = {FD13D15E-83AF-4005-AD07-82EDE70DD97E}
	EndGlobalSection
EndGlobal
