
Microsoft Visual Studio Solution File, Format Version 12.00
# Visual Studio 15
VisualStudioVersion = 15.0.28307.168
MinimumVisualStudioVersion = 10.0.40219.1
Project("{FAE04EC0-301F-11D3-BF4B-00C04F79EFBC}") = "FiftyRandomNumbersTaskFour", "FiftyRandomNumbersTaskFour\FiftyRandomNumbersTaskFour.csproj", "{E5418CE6-CF66-42EA-8268-F2B2220D62A2}"
EndProject
Global
	GlobalSection(SolutionConfigurationPlatforms) = preSolution
		Debug|Any CPU = Debug|Any CPU
		Release|Any CPU = Release|Any CPU
	EndGlobalSection
	GlobalSection(ProjectConfigurationPlatforms) = postSolution
		{E5418CE6-CF66-42EA-8268-F2B2220D62A2}.Debug|Any CPU.ActiveCfg = Debug|Any CPU
		{E5418CE6-CF66-42EA-8268-F2B2220D62A2}.Debug|Any CPU.Build.0 = Debug|Any CPU
		{E5418CE6-CF66-42EA-8268-F2B2220D62A2}.Release|Any CPU.ActiveCfg = Release|Any CPU
		{E5418CE6-CF66-42EA-8268-F2B2220D62A2}.Release|Any CPU.Build.0 = Release|Any CPU
	EndGlobalSection
	GlobalSection(SolutionProperties) = preSolution
		HideSolutionNode = FALSE
	EndGlobalSection
	GlobalSection(ExtensibilityGlobals) = postSolution
		SolutionGuid = {73B9DD84-D1AA-4CAE-933E-9C8D99705545}
	EndGlobalSection
EndGlobal
