
Microsoft Visual Studio Solution File, Format Version 12.00
# Visual Studio 15
VisualStudioVersion = 15.0.28307.168
MinimumVisualStudioVersion = 10.0.40219.1
Project("{FAE04EC0-301F-11D3-BF4B-00C04F79EFBC}") = "ArraysRevisionTask3", "ArraysRevisionTask3\ArraysRevisionTask3.csproj", "{683A86DD-4A5F-4627-B037-415E325373B6}"
EndProject
Global
	GlobalSection(SolutionConfigurationPlatforms) = preSolution
		Debug|Any CPU = Debug|Any CPU
		Release|Any CPU = Release|Any CPU
	EndGlobalSection
	GlobalSection(ProjectConfigurationPlatforms) = postSolution
		{683A86DD-4A5F-4627-B037-415E325373B6}.Debug|Any CPU.ActiveCfg = Debug|Any CPU
		{683A86DD-4A5F-4627-B037-415E325373B6}.Debug|Any CPU.Build.0 = Debug|Any CPU
		{683A86DD-4A5F-4627-B037-415E325373B6}.Release|Any CPU.ActiveCfg = Release|Any CPU
		{683A86DD-4A5F-4627-B037-415E325373B6}.Release|Any CPU.Build.0 = Release|Any CPU
	EndGlobalSection
	GlobalSection(SolutionProperties) = preSolution
		HideSolutionNode = FALSE
	EndGlobalSection
	GlobalSection(ExtensibilityGlobals) = postSolution
		SolutionGuid = {6A40ED83-A0DB-4FF9-B145-616DDB80ACF2}
	EndGlobalSection
EndGlobal
