
Microsoft Visual Studio Solution File, Format Version 12.00
# Visual Studio 15
VisualStudioVersion = 15.0.28307.168
MinimumVisualStudioVersion = 10.0.40219.1
Project("{FAE04EC0-301F-11D3-BF4B-00C04F79EFBC}") = "ReturnOppositeSign", "ReturnOppositeSign\ReturnOppositeSign.csproj", "{C902EF70-A6F8-469C-B802-37816B840EE1}"
EndProject
Global
	GlobalSection(SolutionConfigurationPlatforms) = preSolution
		Debug|Any CPU = Debug|Any CPU
		Release|Any CPU = Release|Any CPU
	EndGlobalSection
	GlobalSection(ProjectConfigurationPlatforms) = postSolution
		{C902EF70-A6F8-469C-B802-37816B840EE1}.Debug|Any CPU.ActiveCfg = Debug|Any CPU
		{C902EF70-A6F8-469C-B802-37816B840EE1}.Debug|Any CPU.Build.0 = Debug|Any CPU
		{C902EF70-A6F8-469C-B802-37816B840EE1}.Release|Any CPU.ActiveCfg = Release|Any CPU
		{C902EF70-A6F8-469C-B802-37816B840EE1}.Release|Any CPU.Build.0 = Release|Any CPU
	EndGlobalSection
	GlobalSection(SolutionProperties) = preSolution
		HideSolutionNode = FALSE
	EndGlobalSection
	GlobalSection(ExtensibilityGlobals) = postSolution
		SolutionGuid = {E72ED4C0-42F0-48BC-8121-29439FC570F4}
	EndGlobalSection
EndGlobal
