
Microsoft Visual Studio Solution File, Format Version 12.00
# Visual Studio 15
VisualStudioVersion = 15.0.28307.168
MinimumVisualStudioVersion = 10.0.40219.1
Project("{FAE04EC0-301F-11D3-BF4B-00C04F79EFBC}") = "CreateAPerson", "CreateAPerson\CreateAPerson.csproj", "{75D87542-C439-4CFF-AA70-2FF4B814FE95}"
EndProject
Global
	GlobalSection(SolutionConfigurationPlatforms) = preSolution
		Debug|Any CPU = Debug|Any CPU
		Release|Any CPU = Release|Any CPU
	EndGlobalSection
	GlobalSection(ProjectConfigurationPlatforms) = postSolution
		{75D87542-C439-4CFF-AA70-2FF4B814FE95}.Debug|Any CPU.ActiveCfg = Debug|Any CPU
		{75D87542-C439-4CFF-AA70-2FF4B814FE95}.Debug|Any CPU.Build.0 = Debug|Any CPU
		{75D87542-C439-4CFF-AA70-2FF4B814FE95}.Release|Any CPU.ActiveCfg = Release|Any CPU
		{75D87542-C439-4CFF-AA70-2FF4B814FE95}.Release|Any CPU.Build.0 = Release|Any CPU
	EndGlobalSection
	GlobalSection(SolutionProperties) = preSolution
		HideSolutionNode = FALSE
	EndGlobalSection
	GlobalSection(ExtensibilityGlobals) = postSolution
		SolutionGuid = {0C62FA58-2358-4919-A018-C9B0E4B086A4}
	EndGlobalSection
EndGlobal
